
Microsoft Visual Studio Solution File, Format Version 12.00
# Visual Studio Version 17
VisualStudioVersion = 17.1.32319.34
MinimumVisualStudioVersion = 10.0.40219.1
Project("{FAE04EC0-301F-11D3-BF4B-00C04F79EFBC}") = "IOCdemo", "IOCdemo\IOCdemo.csproj", "{4C08B4BC-BA67-466C-868C-F9E4F6A224DB}"
EndProject
Global
	GlobalSection(SolutionConfigurationPlatforms) = preSolution
		Debug|Any CPU = Debug|Any CPU
		Release|Any CPU = Release|Any CPU
	EndGlobalSection
	GlobalSection(ProjectConfigurationPlatforms) = postSolution
		{4C08B4BC-BA67-466C-868C-F9E4F6A224DB}.Debug|Any CPU.ActiveCfg = Debug|Any CPU
		{4C08B4BC-BA67-466C-868C-F9E4F6A224DB}.Debug|Any CPU.Build.0 = Debug|Any CPU
		{4C08B4BC-BA67-466C-868C-F9E4F6A224DB}.Release|Any CPU.ActiveCfg = Release|Any CPU
		{4C08B4BC-BA67-466C-868C-F9E4F6A224DB}.Release|Any CPU.Build.0 = Release|Any CPU
	EndGlobalSection
	GlobalSection(SolutionProperties) = preSolution
		HideSolutionNode = FALSE
	EndGlobalSection
	GlobalSection(ExtensibilityGlobals) = postSolution
		SolutionGuid = {B891167C-9CE9-4E81-8F3E-7940133520AE}
	EndGlobalSection
EndGlobal
